
Microsoft Visual Studio Solution File, Format Version 12.00
# Visual Studio Version 17
VisualStudioVersion = 17.14.36212.18 d17.14
MinimumVisualStudioVersion = 10.0.40219.1
Project("{FAE04EC0-301F-11D3-BF4B-00C04F79EFBC}") = "MyRecipe", "MyRecipe\MyRecipe.csproj", "{0528FE6F-09ED-4EA2-A9B0-EF39E7850C81}"
EndProject
Global
	GlobalSection(SolutionConfigurationPlatforms) = preSolution
		Debug|Any CPU = Debug|Any CPU
		Release|Any CPU = Release|Any CPU
	EndGlobalSection
	GlobalSection(ProjectConfigurationPlatforms) = postSolution
		{0528FE6F-09ED-4EA2-A9B0-EF39E7850C81}.Debug|Any CPU.ActiveCfg = Debug|Any CPU
		{0528FE6F-09ED-4EA2-A9B0-EF39E7850C81}.Debug|Any CPU.Build.0 = Debug|Any CPU
		{0528FE6F-09ED-4EA2-A9B0-EF39E7850C81}.Release|Any CPU.ActiveCfg = Release|Any CPU
		{0528FE6F-09ED-4EA2-A9B0-EF39E7850C81}.Release|Any CPU.Build.0 = Release|Any CPU
	EndGlobalSection
	GlobalSection(SolutionProperties) = preSolution
		HideSolutionNode = FALSE
	EndGlobalSection
	GlobalSection(ExtensibilityGlobals) = postSolution
		SolutionGuid = {5135F3CE-1246-434C-9192-FB6C773BCD47}
	EndGlobalSection
EndGlobal
